
Microsoft Visual Studio Solution File, Format Version 12.00
# Visual Studio 15
VisualStudioVersion = 15.0.27130.2027
MinimumVisualStudioVersion = 10.0.40219.1
Project("{FAE04EC0-301F-11D3-BF4B-00C04F79EFBC}") = "ProjectManager.Data", "ProjectManager.Data\ProjectManager.Data.csproj", "{E84623C0-DF7B-4E08-8B39-FFB8E3032ED6}"
EndProject
Project("{FAE04EC0-301F-11D3-BF4B-00C04F79EFBC}") = "ProjectManager.Repo", "ProjectManager.Repo\ProjectManager.Repo.csproj", "{52E74CAF-3506-4CA2-886A-2D08A80A410A}"
EndProject
Project("{FAE04EC0-301F-11D3-BF4B-00C04F79EFBC}") = "ProjectManager.Service", "ProjectManager.Service\ProjectManager.Service.csproj", "{D8034E1A-379E-4160-88F0-FFC0B9D2DB1F}"
EndProject
Project("{FAE04EC0-301F-11D3-BF4B-00C04F79EFBC}") = "ProjectManager.Web", "ProjectManager.Web\ProjectManager.Web.csproj", "{5F12D000-3FBF-4CF5-B972-5AE854001032}"
EndProject
Global
	GlobalSection(SolutionConfigurationPlatforms) = preSolution
		Debug|Any CPU = Debug|Any CPU
		Release|Any CPU = Release|Any CPU
	EndGlobalSection
	GlobalSection(ProjectConfigurationPlatforms) = postSolution
		{E84623C0-DF7B-4E08-8B39-FFB8E3032ED6}.Debug|Any CPU.ActiveCfg = Debug|Any CPU
		{E84623C0-DF7B-4E08-8B39-FFB8E3032ED6}.Debug|Any CPU.Build.0 = Debug|Any CPU
		{E84623C0-DF7B-4E08-8B39-FFB8E3032ED6}.Release|Any CPU.ActiveCfg = Release|Any CPU
		{E84623C0-DF7B-4E08-8B39-FFB8E3032ED6}.Release|Any CPU.Build.0 = Release|Any CPU
		{52E74CAF-3506-4CA2-886A-2D08A80A410A}.Debug|Any CPU.ActiveCfg = Debug|Any CPU
		{52E74CAF-3506-4CA2-886A-2D08A80A410A}.Debug|Any CPU.Build.0 = Debug|Any CPU
		{52E74CAF-3506-4CA2-886A-2D08A80A410A}.Release|Any CPU.ActiveCfg = Release|Any CPU
		{52E74CAF-3506-4CA2-886A-2D08A80A410A}.Release|Any CPU.Build.0 = Release|Any CPU
		{D8034E1A-379E-4160-88F0-FFC0B9D2DB1F}.Debug|Any CPU.ActiveCfg = Debug|Any CPU
		{D8034E1A-379E-4160-88F0-FFC0B9D2DB1F}.Debug|Any CPU.Build.0 = Debug|Any CPU
		{D8034E1A-379E-4160-88F0-FFC0B9D2DB1F}.Release|Any CPU.ActiveCfg = Release|Any CPU
		{D8034E1A-379E-4160-88F0-FFC0B9D2DB1F}.Release|Any CPU.Build.0 = Release|Any CPU
		{5F12D000-3FBF-4CF5-B972-5AE854001032}.Debug|Any CPU.ActiveCfg = Debug|Any CPU
		{5F12D000-3FBF-4CF5-B972-5AE854001032}.Debug|Any CPU.Build.0 = Debug|Any CPU
		{5F12D000-3FBF-4CF5-B972-5AE854001032}.Release|Any CPU.ActiveCfg = Release|Any CPU
		{5F12D000-3FBF-4CF5-B972-5AE854001032}.Release|Any CPU.Build.0 = Release|Any CPU
	EndGlobalSection
	GlobalSection(SolutionProperties) = preSolution
		HideSolutionNode = FALSE
	EndGlobalSection
	GlobalSection(ExtensibilityGlobals) = postSolution
		SolutionGuid = {AD92E596-A132-4DF6-8CB7-5E27EDBC10FD}
	EndGlobalSection
EndGlobal
